{
    "_meta": {
        "hash": {
            "sha256": "22138c17c95b5eac74655b2b4c5945a577931c58d8280860410824bd0ab4b3a8"
        },
        "pipfile-spec": 6,
        "requires": {
            "python_version": "3.7"
        },
        "sources": [
            {
                "name": "pypi",
                "url": "https://pypi.org/simple",
                "verify_ssl": true
            }
        ]
    },
    "default": {
        "beautifulsoup4": {
            "hashes": [
                "sha256:5279c36b4b2ec2cb4298d723791467e3000e5384a43ea0cdf5d45207c7e97169",
                "sha256:6135db2ba678168c07950f9a16c4031822c6f4aec75a65e0a97bc5ca09789931",
                "sha256:dcdef580e18a76d54002088602eba453eec38ebbcafafeaabd8cab12b6155d57"
            ],
            "version": "==4.8.1"
        },
        "bs4": {
            "hashes": [
                "sha256:36ecea1fd7cc5c0c6e4a1ff075df26d50da647b75376626cc186e2212886dd3a"
            ],
            "index": "pypi",
            "version": "==0.0.1"
        },
        "cffi": {
            "hashes": [
                "sha256:0b49274afc941c626b605fb59b59c3485c17dc776dc3cc7cc14aca74cc19cc42",
                "sha256:0e3ea92942cb1168e38c05c1d56b0527ce31f1a370f6117f1d490b8dcd6b3a04",
                "sha256:135f69aecbf4517d5b3d6429207b2dff49c876be724ac0c8bf8e1ea99df3d7e5",
                "sha256:19db0cdd6e516f13329cba4903368bff9bb5a9331d3410b1b448daaadc495e54",
                "sha256:2781e9ad0e9d47173c0093321bb5435a9dfae0ed6a762aabafa13108f5f7b2ba",
                "sha256:291f7c42e21d72144bb1c1b2e825ec60f46d0a7468f5346841860454c7aa8f57",
                "sha256:2c5e309ec482556397cb21ede0350c5e82f0eb2621de04b2633588d118da4396",
                "sha256:2e9c80a8c3344a92cb04661115898a9129c074f7ab82011ef4b612f645939f12",
                "sha256:32a262e2b90ffcfdd97c7a5e24a6012a43c61f1f5a57789ad80af1d26c6acd97",
                "sha256:3c9fff570f13480b201e9ab69453108f6d98244a7f495e91b6c654a47486ba43",
                "sha256:415bdc7ca8c1c634a6d7163d43fb0ea885a07e9618a64bda407e04b04333b7db",
                "sha256:42194f54c11abc8583417a7cf4eaff544ce0de8187abaf5d29029c91b1725ad3",
                "sha256:4424e42199e86b21fc4db83bd76909a6fc2a2aefb352cb5414833c030f6ed71b",
                "sha256:4a43c91840bda5f55249413037b7a9b79c90b1184ed504883b72c4df70778579",
                "sha256:599a1e8ff057ac530c9ad1778293c665cb81a791421f46922d80a86473c13346",
                "sha256:5c4fae4e9cdd18c82ba3a134be256e98dc0596af1e7285a3d2602c97dcfa5159",
                "sha256:5ecfa867dea6fabe2a58f03ac9186ea64da1386af2159196da51c4904e11d652",
                "sha256:62f2578358d3a92e4ab2d830cd1c2049c9c0d0e6d3c58322993cc341bdeac22e",
                "sha256:6471a82d5abea994e38d2c2abc77164b4f7fbaaf80261cb98394d5793f11b12a",
                "sha256:6d4f18483d040e18546108eb13b1dfa1000a089bcf8529e30346116ea6240506",
                "sha256:71a608532ab3bd26223c8d841dde43f3516aa5d2bf37b50ac410bb5e99053e8f",
                "sha256:74a1d8c85fb6ff0b30fbfa8ad0ac23cd601a138f7509dc617ebc65ef305bb98d",
                "sha256:7b93a885bb13073afb0aa73ad82059a4c41f4b7d8eb8368980448b52d4c7dc2c",
                "sha256:7d4751da932caaec419d514eaa4215eaf14b612cff66398dd51129ac22680b20",
                "sha256:7f627141a26b551bdebbc4855c1157feeef18241b4b8366ed22a5c7d672ef858",
                "sha256:8169cf44dd8f9071b2b9248c35fc35e8677451c52f795daa2bb4643f32a540bc",
                "sha256:aa00d66c0fab27373ae44ae26a66a9e43ff2a678bf63a9c7c1a9a4d61172827a",
                "sha256:ccb032fda0873254380aa2bfad2582aedc2959186cce61e3a17abc1a55ff89c3",
                "sha256:d754f39e0d1603b5b24a7f8484b22d2904fa551fe865fd0d4c3332f078d20d4e",
                "sha256:d75c461e20e29afc0aee7172a0950157c704ff0dd51613506bd7d82b718e7410",
                "sha256:dcd65317dd15bc0451f3e01c80da2216a31916bdcffd6221ca1202d96584aa25",
                "sha256:e570d3ab32e2c2861c4ebe6ffcad6a8abf9347432a37608fe1fbd157b3f0036b",
                "sha256:fd43a88e045cf992ed09fa724b5315b790525f2676883a6ea64e3263bae6549d"
            ],
            "version": "==1.13.2"
        },
        "cryptography": {
            "hashes": [
                "sha256:02079a6addc7b5140ba0825f542c0869ff4df9a69c360e339ecead5baefa843c",
                "sha256:1df22371fbf2004c6f64e927668734070a8953362cd8370ddd336774d6743595",
                "sha256:369d2346db5934345787451504853ad9d342d7f721ae82d098083e1f49a582ad",
                "sha256:3cda1f0ed8747339bbdf71b9f38ca74c7b592f24f65cdb3ab3765e4b02871651",
                "sha256:44ff04138935882fef7c686878e1c8fd80a723161ad6a98da31e14b7553170c2",
                "sha256:4b1030728872c59687badcca1e225a9103440e467c17d6d1730ab3d2d64bfeff",
                "sha256:58363dbd966afb4f89b3b11dfb8ff200058fbc3b947507675c19ceb46104b48d",
                "sha256:6ec280fb24d27e3d97aa731e16207d58bd8ae94ef6eab97249a2afe4ba643d42",
                "sha256:7270a6c29199adc1297776937a05b59720e8a782531f1f122f2eb8467f9aab4d",
                "sha256:73fd30c57fa2d0a1d7a49c561c40c2f79c7d6c374cc7750e9ac7c99176f6428e",
                "sha256:7f09806ed4fbea8f51585231ba742b58cbcfbfe823ea197d8c89a5e433c7e912",
                "sha256:90df0cc93e1f8d2fba8365fb59a858f51a11a394d64dbf3ef844f783844cc793",
                "sha256:971221ed40f058f5662a604bd1ae6e4521d84e6cad0b7b170564cc34169c8f13",
                "sha256:a518c153a2b5ed6b8cc03f7ae79d5ffad7315ad4569b2d5333a13c38d64bd8d7",
                "sha256:b0de590a8b0979649ebeef8bb9f54394d3a41f66c5584fff4220901739b6b2f0",
                "sha256:b43f53f29816ba1db8525f006fa6f49292e9b029554b3eb56a189a70f2a40879",
                "sha256:d31402aad60ed889c7e57934a03477b572a03af7794fa8fb1780f21ea8f6551f",
                "sha256:de96157ec73458a7f14e3d26f17f8128c959084931e8997b9e655a39c8fde9f9",
                "sha256:df6b4dca2e11865e6cfbfb708e800efb18370f5a46fd601d3755bc7f85b3a8a2",
                "sha256:ecadccc7ba52193963c0475ac9f6fa28ac01e01349a2ca48509667ef41ffd2cf",
                "sha256:fb81c17e0ebe3358486cd8cc3ad78adbae58af12fc2bf2bc0bb84e8090fa5ce8"
            ],
            "index": "pypi",
            "version": "==2.8"
        },
        "javaobj-py3": {
            "hashes": [
                "sha256:24c12f7af6bdc4a88f4f64cc2211cec610b1f97b583fa849856da98d33a0c80a",
                "sha256:a57469e4f0d0eeba7482ad9839595db6e99ca4ac6630a4c8064dda75a2182549"
            ],
            "version": "==0.3.0"
        },
        "pyasn1": {
            "hashes": [
                "sha256:62cdade8b5530f0b185e09855dd422bc05c0bbff6b72ff61381c09dac7befd8c",
                "sha256:a9495356ca1d66ed197a0f72b41eb1823cf7ea8b5bd07191673e8147aecf8604"
            ],
            "version": "==0.4.7"
        },
        "pyasn1-modules": {
            "hashes": [
                "sha256:0c35a52e00b672f832e5846826f1fb7507907f7d52fba6faa9e3c4cbe874fe4b",
                "sha256:b6ada4f840fe51abf5a6bd545b45bf537bea62221fa0dde2e8a553ed9f06a4e3"
            ],
            "version": "==0.2.7"
        },
        "pycparser": {
            "hashes": [
                "sha256:a988718abfad80b6b157acce7bf130a30876d27603738ac39f140993246b25b3"
            ],
            "version": "==2.19"
        },
        "pycryptodomex": {
            "hashes": [
                "sha256:0713fc29cddb14f977887ccf3199d1a00d0b040e8c35785df20d107ad59efabc",
                "sha256:110651378be063d5e0e653d107a14b511bd45c355968a32270f5b1bf8c093056",
                "sha256:158428c0f337984cb3611484d9f61faea973aec624c8f88c5809ab88adab0884",
                "sha256:17625d9f9442d3567b2532795c9232ed80cc1d6c91064ad48c802f3bff2b937d",
                "sha256:179125d0b2bcbf5cf9ddf9fb74fe13e30d19fb1c2691cac43b8b37d74df9ddf6",
                "sha256:227e660ee3835284fc6195163c467f8d21a1de51d0aa85d32157a1fc4bf16b9a",
                "sha256:2f651173c4bb8de6a96493e5cc03b2838eedf4bb1cbfbe2b354e40a2f2f245fc",
                "sha256:33b0e5c9ca02c099ec537138e8ffee1e4d054e49d69258062d89ddbd9f660000",
                "sha256:42bead6e7dbca9328a6601ff41d25554606847d92b0fd198ca3f6c971c662c07",
                "sha256:478cce6245e8ff8cda8f733ef1a1161ee6bf5aaa45312e1ace6c7b80fbc1e01f",
                "sha256:4ce38cb16b6f41c4b579e3e9a9d66c36ba24192cc0518ce09313c25ae44d2d74",
                "sha256:4e0bc594c61bd1db86c0060a5eb351c22a6c4c154315a52af1c8cd24c4e6a8a3",
                "sha256:4e1e616d12f79f256109de14aebcee1bf7e0a78d00b3de6c9a0cf2eb2a80785c",
                "sha256:5e4b459ccd6bfe55cc6b030b8983040bc8956f5757b621ae32dd0a26b0f85a91",
                "sha256:61a586b0cb85bc8c60af4ddcae24928a3476c944cb37eb7b9066965bc1d4b4d8",
                "sha256:643bea8898e875e54177c546f2ac704317937230379a9d295ece844c79e00cdb",
                "sha256:7403d7addaaa4649777ce487832ef8421222960a10d7a95b0f2c9efd217a93e6",
                "sha256:7f36378a699f201aea3e431a3c217c16e63abbe84ddb8d9bd0af9b28e3f826aa",
                "sha256:9146a6cf9eeb4683cfffabc7093fd1063076185d790680596f7a2dfb40f6b4b9",
                "sha256:9829d8aa2fb52646eda9041b785e9c6825fc1f1054f2254046fb7628800acb8e",
                "sha256:aa18ad3da8da74cbd119a6c5460079c7357ba8775b2edbc5a78722fc1e52f881",
                "sha256:ad39a8d3be6c5aad42b1ef839c49a50185618b26d5f1b555b1edd4d9d700e3b9",
                "sha256:b10bb3c640d7666993d5b0aec0e5334131386eddbd200aabcc123fe07c2b8928",
                "sha256:b17b2f5f65dffdeddf06bb82eb73a6aa55766322c3c45bc5032f9e3259adfdb0",
                "sha256:ba5bce9e1fc21160c27015a705e80f49901f1c42aa8bf96ed1d650ce4b5311bd",
                "sha256:c2b867277ef5a996b2198bec149abaeaeddbe57a77a4f6840882be382af72297",
                "sha256:c43d5d7516b0dc8436aef6bf9ebb9fbeaebcbbc4cb1b6a23be4a5f843c2614e3",
                "sha256:ce65a7dc9162a6e676f336e45f6602297981afa82f8e7ccc690667316c6b449b",
                "sha256:d9a38c3a85dd3dc6cae43eac94b73485fd7e5a1daf74bb510d7220a8b18482d2",
                "sha256:de39d7c456147755e5610177bd50cb7c89f74477d608b5ac055fed4e7c4c35c1",
                "sha256:ea368b7b4f36c5524d7b47aa583db604085958b92ff6580075230c8d7c88cdbe",
                "sha256:ff75fa26b7f8e1eaeba9edfc50b1d21bca913e743ce993a189b07bf483bedda0"
            ],
            "version": "==3.9.1"
        },
        "pyjks": {
            "hashes": [
                "sha256:9ce5b40289bcdffcd6a8e7118b333ba8ba2ec4c9ebc5e324885cc8a69767011a",
                "sha256:9e6d070f35ab2e829d77e36edc65b1530ef5320df2cf7e12789805d3c2d1ac63"
            ],
            "index": "pypi",
            "version": "==19.0.0"
        },
        "pyyaml": {
            "hashes": [
                "sha256:0113bc0ec2ad727182326b61326afa3d1d8280ae1122493553fd6f4397f33df9",
                "sha256:01adf0b6c6f61bd11af6e10ca52b7d4057dd0be0343eb9283c878cf3af56aee4",
                "sha256:5124373960b0b3f4aa7df1707e63e9f109b5263eca5976c66e08b1c552d4eaf8",
                "sha256:5ca4f10adbddae56d824b2c09668e91219bb178a1eee1faa56af6f99f11bf696",
                "sha256:7907be34ffa3c5a32b60b95f4d95ea25361c951383a894fec31be7252b2b6f34",
                "sha256:7ec9b2a4ed5cad025c2278a1e6a19c011c80a3caaac804fd2d329e9cc2c287c9",
                "sha256:87ae4c829bb25b9fe99cf71fbb2140c448f534e24c998cc60f39ae4f94396a73",
                "sha256:9de9919becc9cc2ff03637872a440195ac4241c80536632fffeb6a1e25a74299",
                "sha256:a5a85b10e450c66b49f98846937e8cfca1db3127a9d5d1e31ca45c3d0bef4c5b",
                "sha256:b0997827b4f6a7c286c01c5f60384d218dca4ed7d9efa945c3e1aa623d5709ae",
                "sha256:b631ef96d3222e62861443cc89d6563ba3eeb816eeb96b2629345ab795e53681",
                "sha256:bf47c0607522fdbca6c9e817a6e81b08491de50f3766a7a0e6a5be7905961b41",
                "sha256:f81025eddd0327c7d4cfe9b62cf33190e1e736cc6e97502b3ec425f574b3e7a8"
            ],
            "index": "pypi",
            "version": "==5.1.2"
        },
        "six": {
            "hashes": [
                "sha256:1f1b7d42e254082a9db6279deae68afb421ceba6158efa6131de7b3003ee93fd",
                "sha256:30f610279e8b2578cab6db20741130331735c781b56053c59c4076da27f06b66"
            ],
            "version": "==1.13.0"
        },
        "soupsieve": {
            "hashes": [
                "sha256:bdb0d917b03a1369ce964056fc195cfdff8819c40de04695a80bc813c3cfa1f5",
                "sha256:e2c1c5dee4a1c36bcb790e0fabd5492d874b8ebd4617622c4f6a731701060dda"
            ],
            "version": "==1.9.5"
        },
        "twofish": {
            "hashes": [
                "sha256:b09d8bb50d33b23ff34cafb1f9209f858f752935c6a5c901efb92a41acb830fa"
            ],
            "version": "==0.3.0"
        }
    },
    "develop": {
        "appdirs": {
            "hashes": [
                "sha256:9e5896d1372858f8dd3344faf4e5014d21849c756c8d5701f78f8a103b372d92",
                "sha256:d8b24664561d0d34ddfaec54636d502d7cea6e29c3eaf68f3df6180863e2166e"
            ],
            "version": "==1.4.3"
        },
        "atomicwrites": {
            "hashes": [
                "sha256:03472c30eb2c5d1ba9227e4c2ca66ab8287fbfbbda3888aa93dc2e28fc6811b4",
                "sha256:75a9445bac02d8d058d5e1fe689654ba5a6556a1dfd8ce6ec55a0ed79866cfa6"
            ],
            "version": "==1.3.0"
        },
        "attrs": {
            "hashes": [
                "sha256:08a96c641c3a74e44eb59afb61a24f2cb9f4d7188748e76ba4bb5edfa3cb7d1c",
                "sha256:f7b7ce16570fe9965acd6d30101a28f62fb4a7f9e926b3bbc9b61f8b04247e72"
            ],
            "version": "==19.3.0"
        },
        "black": {
            "hashes": [
                "sha256:09a9dcb7c46ed496a9850b76e4e825d6049ecd38b611f1224857a79bd985a8cf",
                "sha256:68950ffd4d9169716bcb8719a56c07a2f4485354fec061cdd5910aa07369731c"
            ],
            "index": "pypi",
            "version": "==19.3b0"
        },
        "click": {
            "hashes": [
                "sha256:2335065e6395b9e67ca716de5f7526736bfa6ceead690adf616d925bdc622b13",
                "sha256:5b94b49521f6456670fdb30cd82a4eca9412788a93fa6dd6df72c94d5a8ff2d7"
            ],
            "version": "==7.0"
        },
        "colorama": {
            "hashes": [
                "sha256:05eed71e2e327246ad6b38c540c4a3117230b19679b875190486ddd2d721422d",
                "sha256:f8ac84de7840f5b9c4e3347b3c1eaa50f7e49c2b07596221daec5edaabbd7c48"
            ],
            "markers": "sys_platform == 'win32'",
            "version": "==0.4.1"
        },
        "entrypoints": {
            "hashes": [
                "sha256:589f874b313739ad35be6e0cd7efde2a4e9b6fea91edcc34e58ecbb8dbe56d19",
                "sha256:c70dd71abe5a8c85e55e12c19bd91ccfeec11a6e99044204511f9ed547d48451"
            ],
            "version": "==0.3"
        },
        "flake8": {
            "hashes": [
                "sha256:45681a117ecc81e870cbf1262835ae4af5e7a8b08e40b944a8a6e6b895914cfb",
                "sha256:49356e766643ad15072a789a20915d3c91dc89fd313ccd71802303fd67e4deca"
            ],
            "index": "pypi",
            "version": "==3.7.9"
        },
        "importlib-metadata": {
            "hashes": [
                "sha256:aa18d7378b00b40847790e7c27e11673d7fed219354109d0e7b9e5b25dc3ad26",
                "sha256:d5f18a79777f3aa179c145737780282e27b508fc8fd688cb17c7a813e8bd39af"
            ],
            "markers": "python_version < '3.8'",
            "version": "==0.23"
        },
        "invoke": {
            "hashes": [
                "sha256:c52274d2e8a6d64ef0d61093e1983268ea1fc0cd13facb9448c4ef0c9a7ac7da",
                "sha256:f4ec8a134c0122ea042c8912529f87652445d9f4de590b353d23f95bfa1f0efd",
                "sha256:fc803a5c9052f15e63310aa81a43498d7c55542beb18564db88a9d75a176fa44"
            ],
            "index": "pypi",
            "version": "==1.3.0"
        },
        "mccabe": {
            "hashes": [
                "sha256:ab8a6258860da4b6677da4bd2fe5dc2c659cff31b3ee4f7f5d64e79735b80d42",
                "sha256:dd8d182285a0fe56bace7f45b5e7d1a6ebcbf524e8f3bd87eb0f125271b8831f"
            ],
            "version": "==0.6.1"
        },
        "more-itertools": {
            "hashes": [
                "sha256:409cd48d4db7052af495b09dec721011634af3753ae1ef92d2b32f73a745f832",
                "sha256:92b8c4b06dac4f0611c0729b2f2ede52b2e1bac1ab48f089c7ddc12e26bb60c4"
            ],
            "version": "==7.2.0"
        },
        "mypy": {
            "hashes": [
                "sha256:1521c186a3d200c399bd5573c828ea2db1362af7209b2adb1bb8532cea2fb36f",
                "sha256:31a046ab040a84a0fc38bc93694876398e62bc9f35eca8ccbf6418b7297f4c00",
                "sha256:3b1a411909c84b2ae9b8283b58b48541654b918e8513c20a400bb946aa9111ae",
                "sha256:48c8bc99380575deb39f5d3400ebb6a8a1cb5cc669bbba4d3bb30f904e0a0e7d",
                "sha256:540c9caa57a22d0d5d3c69047cc9dd0094d49782603eb03069821b41f9e970e9",
                "sha256:672e418425d957e276c291930a3921b4a6413204f53fe7c37cad7bc57b9a3391",
                "sha256:6ed3b9b3fdc7193ea7aca6f3c20549b377a56f28769783a8f27191903a54170f",
                "sha256:9371290aa2cad5ad133e4cdc43892778efd13293406f7340b9ffe99d5ec7c1d9",
                "sha256:ace6ac1d0f87d4072f05b5468a084a45b4eda970e4d26704f201e06d47ab2990",
                "sha256:b428f883d2b3fe1d052c630642cc6afddd07d5cd7873da948644508be3b9d4a7",
                "sha256:d5bf0e6ec8ba346a2cf35cb55bf4adfddbc6b6576fcc9e10863daa523e418dbb",
                "sha256:d7574e283f83c08501607586b3167728c58e8442947e027d2d4c7dcd6d82f453",
                "sha256:dc889c84241a857c263a2b1cd1121507db7d5b5f5e87e77147097230f374d10b",
                "sha256:f4748697b349f373002656bf32fede706a0e713d67bfdcf04edf39b1f61d46eb"
            ],
            "index": "pypi",
            "version": "==0.740"
        },
        "mypy-extensions": {
            "hashes": [
                "sha256:090fedd75945a69ae91ce1303b5824f428daf5a028d2f6ab8a299250a846f15d",
                "sha256:2d82818f5bb3e369420cb3c4060a7970edba416647068eb4c5343488a6c604a8"
            ],
            "version": "==0.4.3"
        },
        "packaging": {
            "hashes": [
                "sha256:28b924174df7a2fa32c1953825ff29c61e2f5e082343165438812f00d3a7fc47",
                "sha256:d9551545c6d761f3def1677baf08ab2a3ca17c56879e70fecba2fc4dde4ed108"
            ],
            "version": "==19.2"
        },
        "pluggy": {
            "hashes": [
                "sha256:0db4b7601aae1d35b4a033282da476845aa19185c1e6964b25cf324b5e4ec3e6",
                "sha256:fa5fa1622fa6dd5c030e9cad086fa19ef6a0cf6d7a2d12318e10cb49d6d68f34"
            ],
            "version": "==0.13.0"
        },
        "py": {
            "hashes": [
                "sha256:64f65755aee5b381cea27766a3a147c3f15b9b6b9ac88676de66ba2ae36793fa",
                "sha256:dc639b046a6e2cff5bbe40194ad65936d6ba360b52b3c3fe1d08a82dd50b5e53"
            ],
            "version": "==1.8.0"
        },
        "pycodestyle": {
            "hashes": [
                "sha256:95a2219d12372f05704562a14ec30bc76b05a5b297b21a5dfe3f6fac3491ae56",
                "sha256:e40a936c9a450ad81df37f549d676d127b1b66000a6c500caa2b085bc0ca976c"
            ],
            "version": "==2.5.0"
        },
        "pyflakes": {
            "hashes": [
                "sha256:17dbeb2e3f4d772725c777fabc446d5634d1038f234e77343108ce445ea69ce0",
                "sha256:d976835886f8c5b31d47970ed689944a0262b5f3afa00a5a7b4dc81e5449f8a2"
            ],
            "version": "==2.1.1"
        },
        "pyparsing": {
            "hashes": [
                "sha256:4acadc9a2b96c19fe00932a38ca63e601180c39a189a696abce1eaab641447e1",
                "sha256:61b5ed888beab19ddccab3478910e2076a6b5a0295dffc43021890e136edf764"
            ],
            "version": "==2.4.4"
        },
        "pytest": {
            "hashes": [
                "sha256:27abc3fef618a01bebb1f0d6d303d2816a99aa87a5968ebc32fe971be91eb1e6",
                "sha256:58cee9e09242937e136dbb3dab466116ba20d6b7828c7620f23947f37eb4dae4"
            ],
            "index": "pypi",
            "version": "==5.2.2"
        },
        "six": {
            "hashes": [
                "sha256:1f1b7d42e254082a9db6279deae68afb421ceba6158efa6131de7b3003ee93fd",
                "sha256:30f610279e8b2578cab6db20741130331735c781b56053c59c4076da27f06b66"
            ],
            "version": "==1.13.0"
        },
        "toml": {
            "hashes": [
                "sha256:229f81c57791a41d65e399fc06bf0848bab550a9dfd5ed66df18ce5f05e73d5c",
                "sha256:235682dd292d5899d361a811df37e04a8828a5b1da3115886b73cf81ebc9100e"
            ],
            "version": "==0.10.0"
        },
        "typed-ast": {
            "hashes": [
                "sha256:1170afa46a3799e18b4c977777ce137bb53c7485379d9706af8a59f2ea1aa161",
                "sha256:18511a0b3e7922276346bcb47e2ef9f38fb90fd31cb9223eed42c85d1312344e",
                "sha256:262c247a82d005e43b5b7f69aff746370538e176131c32dda9cb0f324d27141e",
                "sha256:2b907eb046d049bcd9892e3076c7a6456c93a25bebfe554e931620c90e6a25b0",
                "sha256:354c16e5babd09f5cb0ee000d54cfa38401d8b8891eefa878ac772f827181a3c",
                "sha256:48e5b1e71f25cfdef98b013263a88d7145879fbb2d5185f2a0c79fa7ebbeae47",
                "sha256:4e0b70c6fc4d010f8107726af5fd37921b666f5b31d9331f0bd24ad9a088e631",
                "sha256:630968c5cdee51a11c05a30453f8cd65e0cc1d2ad0d9192819df9978984529f4",
                "sha256:66480f95b8167c9c5c5c87f32cf437d585937970f3fc24386f313a4c97b44e34",
                "sha256:71211d26ffd12d63a83e079ff258ac9d56a1376a25bc80b1cdcdf601b855b90b",
                "sha256:7954560051331d003b4e2b3eb822d9dd2e376fa4f6d98fee32f452f52dd6ebb2",
                "sha256:838997f4310012cf2e1ad3803bce2f3402e9ffb71ded61b5ee22617b3a7f6b6e",
                "sha256:95bd11af7eafc16e829af2d3df510cecfd4387f6453355188342c3e79a2ec87a",
                "sha256:bc6c7d3fa1325a0c6613512a093bc2a2a15aeec350451cbdf9e1d4bffe3e3233",
                "sha256:cc34a6f5b426748a507dd5d1de4c1978f2eb5626d51326e43280941206c209e1",
                "sha256:d755f03c1e4a51e9b24d899561fec4ccaf51f210d52abdf8c07ee2849b212a36",
                "sha256:d7c45933b1bdfaf9f36c579671fec15d25b06c8398f113dab64c18ed1adda01d",
                "sha256:d896919306dd0aa22d0132f62a1b78d11aaf4c9fc5b3410d3c666b818191630a",
                "sha256:fdc1c9bbf79510b76408840e009ed65958feba92a88833cdceecff93ae8fff66",
                "sha256:ffde2fbfad571af120fcbfbbc61c72469e72f550d676c3342492a9dfdefb8f12"
            ],
            "version": "==1.4.0"
        },
        "typing-extensions": {
            "hashes": [
                "sha256:091ecc894d5e908ac75209f10d5b4f118fbdb2eb1ede6a63544054bb1edb41f2",
                "sha256:910f4656f54de5993ad9304959ce9bb903f90aadc7c67a0bef07e678014e892d",
                "sha256:cf8b63fedea4d89bab840ecbb93e75578af28f76f66c35889bd7065f5af88575"
            ],
            "version": "==3.7.4.1"
        },
        "wcwidth": {
            "hashes": [
                "sha256:3df37372226d6e63e1b1e1eda15c594bca98a22d33a23832a90998faa96bc65e",
                "sha256:f4ebe71925af7b40a864553f761ed559b43544f8f71746c2d756c7fe788ade7c"
            ],
            "version": "==0.1.7"
        },
        "zipp": {
            "hashes": [
                "sha256:3718b1cbcd963c7d4c5511a8240812904164b7f381b647143a89d3b98f9bcd8e",
                "sha256:f06903e9f1f43b12d371004b4ac7b06ab39a44adc747266928ae6debfa7b3335"
            ],
            "version": "==0.6.0"
        }
    }
}
